
Microsoft Visual Studio Solution File, Format Version 12.00
# Visual Studio Version 17
VisualStudioVersion = 17.7.34018.315
MinimumVisualStudioVersion = 10.0.40219.1
Project("{FAE04EC0-301F-11D3-BF4B-00C04F79EFBC}") = "RazorPagesGetPostUI", "RazorPagesGetPostUI\RazorPagesGetPostUI.csproj", "{39EEA4CC-31F3-419C-9E08-EB99323D7CAF}"
EndProject
Global
	GlobalSection(SolutionConfigurationPlatforms) = preSolution
		Debug|Any CPU = Debug|Any CPU
		Release|Any CPU = Release|Any CPU
	EndGlobalSection
	GlobalSection(ProjectConfigurationPlatforms) = postSolution
		{39EEA4CC-31F3-419C-9E08-EB99323D7CAF}.Debug|Any CPU.ActiveCfg = Debug|Any CPU
		{39EEA4CC-31F3-419C-9E08-EB99323D7CAF}.Debug|Any CPU.Build.0 = Debug|Any CPU
		{39EEA4CC-31F3-419C-9E08-EB99323D7CAF}.Release|Any CPU.ActiveCfg = Release|Any CPU
		{39EEA4CC-31F3-419C-9E08-EB99323D7CAF}.Release|Any CPU.Build.0 = Release|Any CPU
	EndGlobalSection
	GlobalSection(SolutionProperties) = preSolution
		HideSolutionNode = FALSE
	EndGlobalSection
	GlobalSection(ExtensibilityGlobals) = postSolution
		SolutionGuid = {23F787A3-8D50-45E5-94B0-4FA427154324}
	EndGlobalSection
EndGlobal
